
Microsoft Visual Studio Solution File, Format Version 12.00
# Visual Studio Version 17
VisualStudioVersion = 17.12.35521.163
MinimumVisualStudioVersion = 10.0.40219.1
Project("{FAE04EC0-301F-11D3-BF4B-00C04F79EFBC}") = "DayOne", "DayOne\DayOne.csproj", "{226A737A-7AF3-4A6C-BF3A-A3B70DA849B3}"
EndProject
Project("{FAE04EC0-301F-11D3-BF4B-00C04F79EFBC}") = "DayTwo", "DayTwo\DayTwo.csproj", "{21A0107B-31E4-4480-AB94-013DE75B8962}"
EndProject
Project("{FAE04EC0-301F-11D3-BF4B-00C04F79EFBC}") = "Utilities.IO", "Utilities.IO\Utilities.IO.csproj", "{1593C487-26F1-414D-99A6-607E5388B953}"
EndProject
Project("{FAE04EC0-301F-11D3-BF4B-00C04F79EFBC}") = "DayThree", "DayThree\DayThree.csproj", "{67F1CB35-D591-48DC-8184-D2C570448E67}"
EndProject
Project("{FAE04EC0-301F-11D3-BF4B-00C04F79EFBC}") = "DayFour", "DayFour\DayFour.csproj", "{96868505-E27E-43E0-9627-2B9827BB10F3}"
EndProject
Project("{FAE04EC0-301F-11D3-BF4B-00C04F79EFBC}") = "DayFive", "DayFive\DayFive.csproj", "{4C94AD82-12C8-4D3D-AC29-469846F26509}"
EndProject
Project("{FAE04EC0-301F-11D3-BF4B-00C04F79EFBC}") = "DaySix", "DaySix\DaySix.csproj", "{164D1E87-0EC3-422A-A40B-7E33FB90A598}"
EndProject
Project("{FAE04EC0-301F-11D3-BF4B-00C04F79EFBC}") = "DaySeven", "DaySeven\DaySeven.csproj", "{12586BA1-D9E8-48B3-B733-15A82B5F57FE}"
EndProject
Global
	GlobalSection(SolutionConfigurationPlatforms) = preSolution
		Debug|Any CPU = Debug|Any CPU
		Release|Any CPU = Release|Any CPU
	EndGlobalSection
	GlobalSection(ProjectConfigurationPlatforms) = postSolution
		{226A737A-7AF3-4A6C-BF3A-A3B70DA849B3}.Debug|Any CPU.ActiveCfg = Debug|Any CPU
		{226A737A-7AF3-4A6C-BF3A-A3B70DA849B3}.Debug|Any CPU.Build.0 = Debug|Any CPU
		{226A737A-7AF3-4A6C-BF3A-A3B70DA849B3}.Release|Any CPU.ActiveCfg = Release|Any CPU
		{226A737A-7AF3-4A6C-BF3A-A3B70DA849B3}.Release|Any CPU.Build.0 = Release|Any CPU
		{21A0107B-31E4-4480-AB94-013DE75B8962}.Debug|Any CPU.ActiveCfg = Debug|Any CPU
		{21A0107B-31E4-4480-AB94-013DE75B8962}.Debug|Any CPU.Build.0 = Debug|Any CPU
		{21A0107B-31E4-4480-AB94-013DE75B8962}.Release|Any CPU.ActiveCfg = Release|Any CPU
		{21A0107B-31E4-4480-AB94-013DE75B8962}.Release|Any CPU.Build.0 = Release|Any CPU
		{1593C487-26F1-414D-99A6-607E5388B953}.Debug|Any CPU.ActiveCfg = Debug|Any CPU
		{1593C487-26F1-414D-99A6-607E5388B953}.Debug|Any CPU.Build.0 = Debug|Any CPU
		{1593C487-26F1-414D-99A6-607E5388B953}.Release|Any CPU.ActiveCfg = Release|Any CPU
		{1593C487-26F1-414D-99A6-607E5388B953}.Release|Any CPU.Build.0 = Release|Any CPU
		{67F1CB35-D591-48DC-8184-D2C570448E67}.Debug|Any CPU.ActiveCfg = Debug|Any CPU
		{67F1CB35-D591-48DC-8184-D2C570448E67}.Debug|Any CPU.Build.0 = Debug|Any CPU
		{67F1CB35-D591-48DC-8184-D2C570448E67}.Release|Any CPU.ActiveCfg = Release|Any CPU
		{67F1CB35-D591-48DC-8184-D2C570448E67}.Release|Any CPU.Build.0 = Release|Any CPU
		{96868505-E27E-43E0-9627-2B9827BB10F3}.Debug|Any CPU.ActiveCfg = Debug|Any CPU
		{96868505-E27E-43E0-9627-2B9827BB10F3}.Debug|Any CPU.Build.0 = Debug|Any CPU
		{96868505-E27E-43E0-9627-2B9827BB10F3}.Release|Any CPU.ActiveCfg = Release|Any CPU
		{96868505-E27E-43E0-9627-2B9827BB10F3}.Release|Any CPU.Build.0 = Release|Any CPU
		{4C94AD82-12C8-4D3D-AC29-469846F26509}.Debug|Any CPU.ActiveCfg = Debug|Any CPU
		{4C94AD82-12C8-4D3D-AC29-469846F26509}.Debug|Any CPU.Build.0 = Debug|Any CPU
		{4C94AD82-12C8-4D3D-AC29-469846F26509}.Release|Any CPU.ActiveCfg = Release|Any CPU
		{4C94AD82-12C8-4D3D-AC29-469846F26509}.Release|Any CPU.Build.0 = Release|Any CPU
		{164D1E87-0EC3-422A-A40B-7E33FB90A598}.Debug|Any CPU.ActiveCfg = Debug|Any CPU
		{164D1E87-0EC3-422A-A40B-7E33FB90A598}.Debug|Any CPU.Build.0 = Debug|Any CPU
		{164D1E87-0EC3-422A-A40B-7E33FB90A598}.Release|Any CPU.ActiveCfg = Release|Any CPU
		{164D1E87-0EC3-422A-A40B-7E33FB90A598}.Release|Any CPU.Build.0 = Release|Any CPU
		{12586BA1-D9E8-48B3-B733-15A82B5F57FE}.Debug|Any CPU.ActiveCfg = Debug|Any CPU
		{12586BA1-D9E8-48B3-B733-15A82B5F57FE}.Debug|Any CPU.Build.0 = Debug|Any CPU
		{12586BA1-D9E8-48B3-B733-15A82B5F57FE}.Release|Any CPU.ActiveCfg = Release|Any CPU
		{12586BA1-D9E8-48B3-B733-15A82B5F57FE}.Release|Any CPU.Build.0 = Release|Any CPU
	EndGlobalSection
	GlobalSection(SolutionProperties) = preSolution
		HideSolutionNode = FALSE
	EndGlobalSection
EndGlobal
